
Microsoft Visual Studio Solution File, Format Version 12.00
# Visual Studio Version 16
VisualStudioVersion = 16.0.30503.244
MinimumVisualStudioVersion = 10.0.40219.1
Project("{FAE04EC0-301F-11D3-BF4B-00C04F79EFBC}") = "testingDemo", "testingDemo\testingDemo.csproj", "{21AD1E65-019B-45DD-99E8-8D4B7A552278}"
EndProject
Project("{FAE04EC0-301F-11D3-BF4B-00C04F79EFBC}") = "UnitTestProject1", "UnitTestProject1\UnitTestProject1.csproj", "{8FEFE576-685C-4E33-985B-4C2231F1A234}"
EndProject
Global
	GlobalSection(SolutionConfigurationPlatforms) = preSolution
		Debug|Any CPU = Debug|Any CPU
		Release|Any CPU = Release|Any CPU
	EndGlobalSection
	GlobalSection(ProjectConfigurationPlatforms) = postSolution
		{21AD1E65-019B-45DD-99E8-8D4B7A552278}.Debug|Any CPU.ActiveCfg = Debug|Any CPU
		{21AD1E65-019B-45DD-99E8-8D4B7A552278}.Debug|Any CPU.Build.0 = Debug|Any CPU
		{21AD1E65-019B-45DD-99E8-8D4B7A552278}.Release|Any CPU.ActiveCfg = Release|Any CPU
		{21AD1E65-019B-45DD-99E8-8D4B7A552278}.Release|Any CPU.Build.0 = Release|Any CPU
		{8FEFE576-685C-4E33-985B-4C2231F1A234}.Debug|Any CPU.ActiveCfg = Debug|Any CPU
		{8FEFE576-685C-4E33-985B-4C2231F1A234}.Debug|Any CPU.Build.0 = Debug|Any CPU
		{8FEFE576-685C-4E33-985B-4C2231F1A234}.Release|Any CPU.ActiveCfg = Release|Any CPU
		{8FEFE576-685C-4E33-985B-4C2231F1A234}.Release|Any CPU.Build.0 = Release|Any CPU
	EndGlobalSection
	GlobalSection(SolutionProperties) = preSolution
		HideSolutionNode = FALSE
	EndGlobalSection
	GlobalSection(ExtensibilityGlobals) = postSolution
		SolutionGuid = {F7B97655-AC06-4B1D-AAB8-476C3905EA57}
	EndGlobalSection
EndGlobal
